
Microsoft Visual Studio Solution File, Format Version 12.00
# Visual Studio Version 17
VisualStudioVersion = 17.0.31903.59
MinimumVisualStudioVersion = 10.0.40219.1
Project("{2150E333-8FDC-42A3-9474-1A3956D46DE8}") = "src", "src", "{827E0CD3-B72D-47B6-A68D-7590B98EB39B}"
EndProject
Project("{FAE04EC0-301F-11D3-BF4B-00C04F79EFBC}") = "MyShop.Api", "src\MyShop.Api\MyShop.Api.csproj", "{30A78EEB-7678-4407-AE1B-78CCF8F83960}"
EndProject
Project("{FAE04EC0-301F-11D3-BF4B-00C04F79EFBC}") = "MyShop.Application", "src\MyShop.Application\MyShop.Application.csproj", "{3A1BFB02-D9EB-4116-80BC-ABBE4A931A0C}"
EndProject
Project("{FAE04EC0-301F-11D3-BF4B-00C04F79EFBC}") = "MyShop.Domain", "src\MyShop.Domain\MyShop.Domain.csproj", "{8A4ED4C8-B683-4A34-8555-332B884C27B5}"
EndProject
Project("{FAE04EC0-301F-11D3-BF4B-00C04F79EFBC}") = "MyShop.Infrastructure", "src\MyShop.Infrastructure\MyShop.Infrastructure.csproj", "{D8AACD2E-6225-451E-AD68-AFD99A0A6390}"
EndProject
Project("{2150E333-8FDC-42A3-9474-1A3956D46DE8}") = "tests", "tests", "{0AB3BF05-4346-4AA6-1389-037BE0695223}"
EndProject
Project("{FAE04EC0-301F-11D3-BF4B-00C04F79EFBC}") = "MyShop.Domain.Tests", "tests\MyShop.Domain.Tests\MyShop.Domain.Tests.csproj", "{A3763F1C-5607-40AA-A2CF-C13D797DFD77}"
EndProject
Project("{FAE04EC0-301F-11D3-BF4B-00C04F79EFBC}") = "MyShop.Application.Tests", "tests\MyShop.Application.Tests\MyShop.Application.Tests.csproj", "{AB14406B-A76D-473E-8198-8EE3082916C7}"
EndProject
Project("{FAE04EC0-301F-11D3-BF4B-00C04F79EFBC}") = "MyShop.Api.Tests", "tests\MyShop.Api.Tests\MyShop.Api.Tests.csproj", "{E1B853DD-6CAC-4060-A359-C028447EB698}"
EndProject
Global
	GlobalSection(SolutionConfigurationPlatforms) = preSolution
		Debug|Any CPU = Debug|Any CPU
		Debug|x64 = Debug|x64
		Debug|x86 = Debug|x86
		Release|Any CPU = Release|Any CPU
		Release|x64 = Release|x64
		Release|x86 = Release|x86
	EndGlobalSection
	GlobalSection(ProjectConfigurationPlatforms) = postSolution
		{30A78EEB-7678-4407-AE1B-78CCF8F83960}.Debug|Any CPU.ActiveCfg = Debug|Any CPU
		{30A78EEB-7678-4407-AE1B-78CCF8F83960}.Debug|Any CPU.Build.0 = Debug|Any CPU
		{30A78EEB-7678-4407-AE1B-78CCF8F83960}.Debug|x64.ActiveCfg = Debug|Any CPU
		{30A78EEB-7678-4407-AE1B-78CCF8F83960}.Debug|x64.Build.0 = Debug|Any CPU
		{30A78EEB-7678-4407-AE1B-78CCF8F83960}.Debug|x86.ActiveCfg = Debug|Any CPU
		{30A78EEB-7678-4407-AE1B-78CCF8F83960}.Debug|x86.Build.0 = Debug|Any CPU
		{30A78EEB-7678-4407-AE1B-78CCF8F83960}.Release|Any CPU.ActiveCfg = Release|Any CPU
		{30A78EEB-7678-4407-AE1B-78CCF8F83960}.Release|Any CPU.Build.0 = Release|Any CPU
		{30A78EEB-7678-4407-AE1B-78CCF8F83960}.Release|x64.ActiveCfg = Release|Any CPU
		{30A78EEB-7678-4407-AE1B-78CCF8F83960}.Release|x64.Build.0 = Release|Any CPU
		{30A78EEB-7678-4407-AE1B-78CCF8F83960}.Release|x86.ActiveCfg = Release|Any CPU
		{30A78EEB-7678-4407-AE1B-78CCF8F83960}.Release|x86.Build.0 = Release|Any CPU
		{3A1BFB02-D9EB-4116-80BC-ABBE4A931A0C}.Debug|Any CPU.ActiveCfg = Debug|Any CPU
		{3A1BFB02-D9EB-4116-80BC-ABBE4A931A0C}.Debug|Any CPU.Build.0 = Debug|Any CPU
		{3A1BFB02-D9EB-4116-80BC-ABBE4A931A0C}.Debug|x64.ActiveCfg = Debug|Any CPU
		{3A1BFB02-D9EB-4116-80BC-ABBE4A931A0C}.Debug|x64.Build.0 = Debug|Any CPU
		{3A1BFB02-D9EB-4116-80BC-ABBE4A931A0C}.Debug|x86.ActiveCfg = Debug|Any CPU
		{3A1BFB02-D9EB-4116-80BC-ABBE4A931A0C}.Debug|x86.Build.0 = Debug|Any CPU
		{3A1BFB02-D9EB-4116-80BC-ABBE4A931A0C}.Release|Any CPU.ActiveCfg = Release|Any CPU
		{3A1BFB02-D9EB-4116-80BC-ABBE4A931A0C}.Release|Any CPU.Build.0 = Release|Any CPU
		{3A1BFB02-D9EB-4116-80BC-ABBE4A931A0C}.Release|x64.ActiveCfg = Release|Any CPU
		{3A1BFB02-D9EB-4116-80BC-ABBE4A931A0C}.Release|x64.Build.0 = Release|Any CPU
		{3A1BFB02-D9EB-4116-80BC-ABBE4A931A0C}.Release|x86.ActiveCfg = Release|Any CPU
		{3A1BFB02-D9EB-4116-80BC-ABBE4A931A0C}.Release|x86.Build.0 = Release|Any CPU
		{8A4ED4C8-B683-4A34-8555-332B884C27B5}.Debug|Any CPU.ActiveCfg = Debug|Any CPU
		{8A4ED4C8-B683-4A34-8555-332B884C27B5}.Debug|Any CPU.Build.0 = Debug|Any CPU
		{8A4ED4C8-B683-4A34-8555-332B884C27B5}.Debug|x64.ActiveCfg = Debug|Any CPU
		{8A4ED4C8-B683-4A34-8555-332B884C27B5}.Debug|x64.Build.0 = Debug|Any CPU
		{8A4ED4C8-B683-4A34-8555-332B884C27B5}.Debug|x86.ActiveCfg = Debug|Any CPU
		{8A4ED4C8-B683-4A34-8555-332B884C27B5}.Debug|x86.Build.0 = Debug|Any CPU
		{8A4ED4C8-B683-4A34-8555-332B884C27B5}.Release|Any CPU.ActiveCfg = Release|Any CPU
		{8A4ED4C8-B683-4A34-8555-332B884C27B5}.Release|Any CPU.Build.0 = Release|Any CPU
		{8A4ED4C8-B683-4A34-8555-332B884C27B5}.Release|x64.ActiveCfg = Release|Any CPU
		{8A4ED4C8-B683-4A34-8555-332B884C27B5}.Release|x64.Build.0 = Release|Any CPU
		{8A4ED4C8-B683-4A34-8555-332B884C27B5}.Release|x86.ActiveCfg = Release|Any CPU
		{8A4ED4C8-B683-4A34-8555-332B884C27B5}.Release|x86.Build.0 = Release|Any CPU
		{D8AACD2E-6225-451E-AD68-AFD99A0A6390}.Debug|Any CPU.ActiveCfg = Debug|Any CPU
		{D8AACD2E-6225-451E-AD68-AFD99A0A6390}.Debug|Any CPU.Build.0 = Debug|Any CPU
		{D8AACD2E-6225-451E-AD68-AFD99A0A6390}.Debug|x64.ActiveCfg = Debug|Any CPU
		{D8AACD2E-6225-451E-AD68-AFD99A0A6390}.Debug|x64.Build.0 = Debug|Any CPU
		{D8AACD2E-6225-451E-AD68-AFD99A0A6390}.Debug|x86.ActiveCfg = Debug|Any CPU
		{D8AACD2E-6225-451E-AD68-AFD99A0A6390}.Debug|x86.Build.0 = Debug|Any CPU
		{D8AACD2E-6225-451E-AD68-AFD99A0A6390}.Release|Any CPU.ActiveCfg = Release|Any CPU
		{D8AACD2E-6225-451E-AD68-AFD99A0A6390}.Release|Any CPU.Build.0 = Release|Any CPU
		{D8AACD2E-6225-451E-AD68-AFD99A0A6390}.Release|x64.ActiveCfg = Release|Any CPU
		{D8AACD2E-6225-451E-AD68-AFD99A0A6390}.Release|x64.Build.0 = Release|Any CPU
		{D8AACD2E-6225-451E-AD68-AFD99A0A6390}.Release|x86.ActiveCfg = Release|Any CPU
		{D8AACD2E-6225-451E-AD68-AFD99A0A6390}.Release|x86.Build.0 = Release|Any CPU
		{A3763F1C-5607-40AA-A2CF-C13D797DFD77}.Debug|Any CPU.ActiveCfg = Debug|Any CPU
		{A3763F1C-5607-40AA-A2CF-C13D797DFD77}.Debug|Any CPU.Build.0 = Debug|Any CPU
		{A3763F1C-5607-40AA-A2CF-C13D797DFD77}.Debug|x64.ActiveCfg = Debug|Any CPU
		{A3763F1C-5607-40AA-A2CF-C13D797DFD77}.Debug|x64.Build.0 = Debug|Any CPU
		{A3763F1C-5607-40AA-A2CF-C13D797DFD77}.Debug|x86.ActiveCfg = Debug|Any CPU
		{A3763F1C-5607-40AA-A2CF-C13D797DFD77}.Debug|x86.Build.0 = Debug|Any CPU
		{A3763F1C-5607-40AA-A2CF-C13D797DFD77}.Release|Any CPU.ActiveCfg = Release|Any CPU
		{A3763F1C-5607-40AA-A2CF-C13D797DFD77}.Release|Any CPU.Build.0 = Release|Any CPU
		{A3763F1C-5607-40AA-A2CF-C13D797DFD77}.Release|x64.ActiveCfg = Release|Any CPU
		{A3763F1C-5607-40AA-A2CF-C13D797DFD77}.Release|x64.Build.0 = Release|Any CPU
		{A3763F1C-5607-40AA-A2CF-C13D797DFD77}.Release|x86.ActiveCfg = Release|Any CPU
		{A3763F1C-5607-40AA-A2CF-C13D797DFD77}.Release|x86.Build.0 = Release|Any CPU
		{AB14406B-A76D-473E-8198-8EE3082916C7}.Debug|Any CPU.ActiveCfg = Debug|Any CPU
		{AB14406B-A76D-473E-8198-8EE3082916C7}.Debug|Any CPU.Build.0 = Debug|Any CPU
		{AB14406B-A76D-473E-8198-8EE3082916C7}.Debug|x64.ActiveCfg = Debug|Any CPU
		{AB14406B-A76D-473E-8198-8EE3082916C7}.Debug|x64.Build.0 = Debug|Any CPU
		{AB14406B-A76D-473E-8198-8EE3082916C7}.Debug|x86.ActiveCfg = Debug|Any CPU
		{AB14406B-A76D-473E-8198-8EE3082916C7}.Debug|x86.Build.0 = Debug|Any CPU
		{AB14406B-A76D-473E-8198-8EE3082916C7}.Release|Any CPU.ActiveCfg = Release|Any CPU
		{AB14406B-A76D-473E-8198-8EE3082916C7}.Release|Any CPU.Build.0 = Release|Any CPU
		{AB14406B-A76D-473E-8198-8EE3082916C7}.Release|x64.ActiveCfg = Release|Any CPU
		{AB14406B-A76D-473E-8198-8EE3082916C7}.Release|x64.Build.0 = Release|Any CPU
		{AB14406B-A76D-473E-8198-8EE3082916C7}.Release|x86.ActiveCfg = Release|Any CPU
		{AB14406B-A76D-473E-8198-8EE3082916C7}.Release|x86.Build.0 = Release|Any CPU
		{E1B853DD-6CAC-4060-A359-C028447EB698}.Debug|Any CPU.ActiveCfg = Debug|Any CPU
		{E1B853DD-6CAC-4060-A359-C028447EB698}.Debug|Any CPU.Build.0 = Debug|Any CPU
		{E1B853DD-6CAC-4060-A359-C028447EB698}.Debug|x64.ActiveCfg = Debug|Any CPU
		{E1B853DD-6CAC-4060-A359-C028447EB698}.Debug|x64.Build.0 = Debug|Any CPU
		{E1B853DD-6CAC-4060-A359-C028447EB698}.Debug|x86.ActiveCfg = Debug|Any CPU
		{E1B853DD-6CAC-4060-A359-C028447EB698}.Debug|x86.Build.0 = Debug|Any CPU
		{E1B853DD-6CAC-4060-A359-C028447EB698}.Release|Any CPU.ActiveCfg = Release|Any CPU
		{E1B853DD-6CAC-4060-A359-C028447EB698}.Release|Any CPU.Build.0 = Release|Any CPU
		{E1B853DD-6CAC-4060-A359-C028447EB698}.Release|x64.ActiveCfg = Release|Any CPU
		{E1B853DD-6CAC-4060-A359-C028447EB698}.Release|x64.Build.0 = Release|Any CPU
		{E1B853DD-6CAC-4060-A359-C028447EB698}.Release|x86.ActiveCfg = Release|Any CPU
		{E1B853DD-6CAC-4060-A359-C028447EB698}.Release|x86.Build.0 = Release|Any CPU
	EndGlobalSection
	GlobalSection(SolutionProperties) = preSolution
		HideSolutionNode = FALSE
	EndGlobalSection
	GlobalSection(NestedProjects) = preSolution
		{30A78EEB-7678-4407-AE1B-78CCF8F83960} = {827E0CD3-B72D-47B6-A68D-7590B98EB39B}
		{3A1BFB02-D9EB-4116-80BC-ABBE4A931A0C} = {827E0CD3-B72D-47B6-A68D-7590B98EB39B}
		{8A4ED4C8-B683-4A34-8555-332B884C27B5} = {827E0CD3-B72D-47B6-A68D-7590B98EB39B}
		{D8AACD2E-6225-451E-AD68-AFD99A0A6390} = {827E0CD3-B72D-47B6-A68D-7590B98EB39B}
		{A3763F1C-5607-40AA-A2CF-C13D797DFD77} = {0AB3BF05-4346-4AA6-1389-037BE0695223}
		{AB14406B-A76D-473E-8198-8EE3082916C7} = {0AB3BF05-4346-4AA6-1389-037BE0695223}
		{E1B853DD-6CAC-4060-A359-C028447EB698} = {0AB3BF05-4346-4AA6-1389-037BE0695223}
	EndGlobalSection
EndGlobal
